
Microsoft Visual Studio Solution File, Format Version 12.00
# Visual Studio Version 17
VisualStudioVersion = 17.7.34018.315
MinimumVisualStudioVersion = 10.0.40219.1
Project("{9A19103F-16F7-4668-BE54-9A1E7A4F7556}") = "DataAccess", "Webscraper\DataAccess.csproj", "{54605C1F-8C33-460C-BCC4-CE5B729CBF8A}"
EndProject
Project("{9A19103F-16F7-4668-BE54-9A1E7A4F7556}") = "ConsoleApp", "ConsoleApp\ConsoleApp.csproj", "{3E9A442E-0C43-4AAE-B59C-05B439072B62}"
EndProject
Project("{FAE04EC0-301F-11D3-BF4B-00C04F79EFBC}") = "WebscraperUI", "WebscraperUI\WebscraperUI.csproj", "{76D3F233-9AE0-47E9-98DA-81C0FBA26476}"
EndProject
Global
	GlobalSection(SolutionConfigurationPlatforms) = preSolution
		Debug|Any CPU = Debug|Any CPU
		Release|Any CPU = Release|Any CPU
	EndGlobalSection
	GlobalSection(ProjectConfigurationPlatforms) = postSolution
		{54605C1F-8C33-460C-BCC4-CE5B729CBF8A}.Debug|Any CPU.ActiveCfg = Debug|Any CPU
		{54605C1F-8C33-460C-BCC4-CE5B729CBF8A}.Debug|Any CPU.Build.0 = Debug|Any CPU
		{54605C1F-8C33-460C-BCC4-CE5B729CBF8A}.Release|Any CPU.ActiveCfg = Release|Any CPU
		{54605C1F-8C33-460C-BCC4-CE5B729CBF8A}.Release|Any CPU.Build.0 = Release|Any CPU
		{3E9A442E-0C43-4AAE-B59C-05B439072B62}.Debug|Any CPU.ActiveCfg = Debug|Any CPU
		{3E9A442E-0C43-4AAE-B59C-05B439072B62}.Debug|Any CPU.Build.0 = Debug|Any CPU
		{3E9A442E-0C43-4AAE-B59C-05B439072B62}.Release|Any CPU.ActiveCfg = Release|Any CPU
		{3E9A442E-0C43-4AAE-B59C-05B439072B62}.Release|Any CPU.Build.0 = Release|Any CPU
		{76D3F233-9AE0-47E9-98DA-81C0FBA26476}.Debug|Any CPU.ActiveCfg = Debug|Any CPU
		{76D3F233-9AE0-47E9-98DA-81C0FBA26476}.Debug|Any CPU.Build.0 = Debug|Any CPU
		{76D3F233-9AE0-47E9-98DA-81C0FBA26476}.Release|Any CPU.ActiveCfg = Release|Any CPU
		{76D3F233-9AE0-47E9-98DA-81C0FBA26476}.Release|Any CPU.Build.0 = Release|Any CPU
	EndGlobalSection
	GlobalSection(SolutionProperties) = preSolution
		HideSolutionNode = FALSE
	EndGlobalSection
	GlobalSection(ExtensibilityGlobals) = postSolution
		SolutionGuid = {65950BFB-2948-4BAA-802C-A1177702A4ED}
	EndGlobalSection
EndGlobal
